
Microsoft Visual Studio Solution File, Format Version 12.00
# Visual Studio 15
VisualStudioVersion = 15.0.28307.271
MinimumVisualStudioVersion = 10.0.40219.1
Project("{888888A0-9F3D-457C-B088-3A5042F75D52}") = "NeuralNetwork_OOP", "PythonApplication6\NeuralNetwork_OOP.pyproj", "{EBE28EE8-1838-4D3C-A252-66383EE121CF}"
EndProject
Global
	GlobalSection(SolutionConfigurationPlatforms) = preSolution
		Debug|Any CPU = Debug|Any CPU
		Release|Any CPU = Release|Any CPU
	EndGlobalSection
	GlobalSection(ProjectConfigurationPlatforms) = postSolution
		{EBE28EE8-1838-4D3C-A252-66383EE121CF}.Debug|Any CPU.ActiveCfg = Debug|Any CPU
		{EBE28EE8-1838-4D3C-A252-66383EE121CF}.Release|Any CPU.ActiveCfg = Release|Any CPU
	EndGlobalSection
	GlobalSection(SolutionProperties) = preSolution
		HideSolutionNode = FALSE
	EndGlobalSection
	GlobalSection(ExtensibilityGlobals) = postSolution
		SolutionGuid = {F1D283D3-2497-4D0D-8ABD-FDECE1388EB7}
	EndGlobalSection
EndGlobal
