
Microsoft Visual Studio Solution File, Format Version 12.00
# Visual Studio 15
VisualStudioVersion = 15.0.28307.271
MinimumVisualStudioVersion = 10.0.40219.1
Project("{888888A0-9F3D-457C-B088-3A5042F75D52}") = "PythonApplication3", "PythonApplication3\PythonApplication3.pyproj", "{F796ACF7-869D-47D5-8BF1-EBD42BA62636}"
EndProject
Project("{888888A0-9F3D-457C-B088-3A5042F75D52}") = "PythonApplication1", "PythonApplication1\PythonApplication1.pyproj", "{9A5640A4-8AE6-4E74-B78E-2C8925835A92}"
EndProject
Project("{888888A0-9F3D-457C-B088-3A5042F75D52}") = "RELU", "RELU\RELU.pyproj", "{50584330-1680-4B7A-B23C-778C449D1CA0}"
EndProject
Project("{888888A0-9F3D-457C-B088-3A5042F75D52}") = "Tanh", "Tanh\Tanh.pyproj", "{267FE5E4-1007-44A1-8A2D-436D4BFD4A57}"
EndProject
Global
	GlobalSection(SolutionConfigurationPlatforms) = preSolution
		Debug|Any CPU = Debug|Any CPU
		Release|Any CPU = Release|Any CPU
	EndGlobalSection
	GlobalSection(ProjectConfigurationPlatforms) = postSolution
		{F796ACF7-869D-47D5-8BF1-EBD42BA62636}.Debug|Any CPU.ActiveCfg = Debug|Any CPU
		{F796ACF7-869D-47D5-8BF1-EBD42BA62636}.Release|Any CPU.ActiveCfg = Release|Any CPU
		{9A5640A4-8AE6-4E74-B78E-2C8925835A92}.Debug|Any CPU.ActiveCfg = Debug|Any CPU
		{9A5640A4-8AE6-4E74-B78E-2C8925835A92}.Release|Any CPU.ActiveCfg = Release|Any CPU
		{50584330-1680-4B7A-B23C-778C449D1CA0}.Debug|Any CPU.ActiveCfg = Debug|Any CPU
		{50584330-1680-4B7A-B23C-778C449D1CA0}.Release|Any CPU.ActiveCfg = Release|Any CPU
		{267FE5E4-1007-44A1-8A2D-436D4BFD4A57}.Debug|Any CPU.ActiveCfg = Debug|Any CPU
		{267FE5E4-1007-44A1-8A2D-436D4BFD4A57}.Release|Any CPU.ActiveCfg = Release|Any CPU
	EndGlobalSection
	GlobalSection(SolutionProperties) = preSolution
		HideSolutionNode = FALSE
	EndGlobalSection
	GlobalSection(ExtensibilityGlobals) = postSolution
		SolutionGuid = {9C86E7E5-225D-4984-9D9C-B2870745A62E}
	EndGlobalSection
EndGlobal
